packages:
  apb:
    revision: 56ca84b687c9f6dc650e2a7cb221cb2bd4b2a456
    version: 0.2.3
    source:
      Git: https://github.com/pulp-platform/apb.git
    dependencies:
    - common_cells
  axi:
    revision: fd60be8b51a4fa7476856be162ce3334474592ba
    version: 0.39.0-beta.4
    source:
      Git: https://github.com/pulp-platform/axi.git
    dependencies:
    - common_cells
    - common_verification
    - tech_cells_generic
  bus_err_unit:
    revision: ff19129ed69094422243a76ae71eef45aa6f2c4b
    version: null
    source:
      Git: git@iis-git.ee.ethz.ch:carfield/bus_err_unit.git
    dependencies:
    - common_cells
    - register_interface
  clic:
    revision: ce0d748f28246c0635b225d9c8beb7b76eac8708
    version: null
    source:
      Git: https://github.com/pulp-platform/clic.git
    dependencies:
    - common_cells
    - register_interface
  cluster_interconnect:
    revision: 7d0a4f8acae71a583a6713cab5554e60b9bb8d27
    version: 1.2.1
    source:
      Git: https://github.com/pulp-platform/cluster_interconnect.git
    dependencies:
    - common_cells
  common_cells:
    revision: 4ac82b420e46fd0005513ca2283cb3c905e7599a
    version: 1.29.0
    source:
      Git: https://github.com/pulp-platform/common_cells.git
    dependencies:
    - common_verification
    - tech_cells_generic
  common_verification:
    revision: 9c07fa860593b2caabd9b5681740c25fac04b878
    version: 0.2.3
    source:
      Git: https://github.com/pulp-platform/common_verification.git
    dependencies: []
  cv32e40p:
    revision: f67ee07376845b8b8975f86c831c5d17cffcc5cb
    version: null
    source:
      Git: https://github.com/pulp-platform/cv32e40p.git
    dependencies:
    - common_cells
    - fpnew
    - tech_cells_generic
  fpnew:
    revision: f231041c610f270ffc03cbdac38739ddb6426572
    version: null
    source:
      Git: https://github.com/pulp-platform/cvfpu.git
    dependencies:
    - common_cells
    - fpu_div_sqrt_mvp
  fpu_div_sqrt_mvp:
    revision: 86e1f558b3c95e91577c41b2fc452c86b04e85ac
    version: 1.0.4
    source:
      Git: https://github.com/pulp-platform/fpu_div_sqrt_mvp.git
    dependencies:
    - common_cells
  obi:
    revision: 1285848fe155e7803d409648dac8cd327993b042
    version: null
    source:
      Git: https://github.com/pulp-platform/obi.git
    dependencies:
    - common_cells
    - common_verification
  redundancy_cells:
    revision: 4dadaa6af68f3818c900a32341754eb1c841ed3e
    version: 0.5.1
    source:
      Git: https://github.com/pulp-platform/redundancy_cells.git
    dependencies:
    - common_cells
    - common_verification
    - register_interface
    - tech_cells_generic
  register_interface:
    revision: 7786760a75fed8534c84f6e52e80089e2d491b76
    version: null
    source:
      Git: https://github.com/pulp-platform/register_interface.git
    dependencies:
    - apb
    - axi
    - common_cells
  riscv-dbg:
    revision: 138d74bcaa90c70180c12215db3776813d2a95f2
    version: 0.8.0
    source:
      Git: https://github.com/pulp-platform/riscv-dbg.git
    dependencies:
    - common_cells
    - tech_cells_generic
  tech_cells_generic:
    revision: a9cae21902e75b1434328ecf36f85327ba5717de
    version: 0.2.11
    source:
      Git: https://github.com/pulp-platform/tech_cells_generic.git
    dependencies:
    - common_verification
  timer_unit:
    revision: 4c69615c89db9397a9747d6f6d6a36727854f0bc
    version: 1.0.3
    source:
      Git: https://github.com/pulp-platform/timer_unit.git
    dependencies: []
